
Microsoft Visual Studio Solution File, Format Version 12.00
# Visual Studio 15
VisualStudioVersion = 15.0.27130.2027
MinimumVisualStudioVersion = 10.0.40219.1
Project("{FAE04EC0-301F-11D3-BF4B-00C04F79EFBC}") = "20Problemas", "20Problemas\20Problemas.csproj", "{1F7D086F-82C3-41EE-AE78-856B2F5F366D}"
EndProject
Global
	GlobalSection(SolutionConfigurationPlatforms) = preSolution
		Debug|Any CPU = Debug|Any CPU
		Release|Any CPU = Release|Any CPU
	EndGlobalSection
	GlobalSection(ProjectConfigurationPlatforms) = postSolution
		{1F7D086F-82C3-41EE-AE78-856B2F5F366D}.Debug|Any CPU.ActiveCfg = Debug|Any CPU
		{1F7D086F-82C3-41EE-AE78-856B2F5F366D}.Debug|Any CPU.Build.0 = Debug|Any CPU
		{1F7D086F-82C3-41EE-AE78-856B2F5F366D}.Release|Any CPU.ActiveCfg = Release|Any CPU
		{1F7D086F-82C3-41EE-AE78-856B2F5F366D}.Release|Any CPU.Build.0 = Release|Any CPU
	EndGlobalSection
	GlobalSection(SolutionProperties) = preSolution
		HideSolutionNode = FALSE
	EndGlobalSection
	GlobalSection(ExtensibilityGlobals) = postSolution
		SolutionGuid = {F2F34B2C-D1FA-4273-AC39-7A146E0DD881}
	EndGlobalSection
EndGlobal
