
Microsoft Visual Studio Solution File, Format Version 12.00
# Visual Studio 15
VisualStudioVersion = 15.0.27130.2027
MinimumVisualStudioVersion = 10.0.40219.1
Project("{FAE04EC0-301F-11D3-BF4B-00C04F79EFBC}") = "4.2-VenegasMedinaJoseAlfredo", "Arboles\4.2-VenegasMedinaJoseAlfredo.csproj", "{692B7310-BB4E-4BCF-B049-B48A8B2164AD}"
EndProject
Global
	GlobalSection(SolutionConfigurationPlatforms) = preSolution
		Debug|Any CPU = Debug|Any CPU
		Release|Any CPU = Release|Any CPU
	EndGlobalSection
	GlobalSection(ProjectConfigurationPlatforms) = postSolution
		{692B7310-BB4E-4BCF-B049-B48A8B2164AD}.Debug|Any CPU.ActiveCfg = Debug|Any CPU
		{692B7310-BB4E-4BCF-B049-B48A8B2164AD}.Debug|Any CPU.Build.0 = Debug|Any CPU
		{692B7310-BB4E-4BCF-B049-B48A8B2164AD}.Release|Any CPU.ActiveCfg = Release|Any CPU
		{692B7310-BB4E-4BCF-B049-B48A8B2164AD}.Release|Any CPU.Build.0 = Release|Any CPU
	EndGlobalSection
	GlobalSection(SolutionProperties) = preSolution
		HideSolutionNode = FALSE
	EndGlobalSection
	GlobalSection(ExtensibilityGlobals) = postSolution
		SolutionGuid = {C083DF5C-D3D1-4ADE-B623-015183C76B0A}
	EndGlobalSection
EndGlobal
